// !$*UTF8*$!
{
	archiveVersion = 1;
	classes = {
	};
	objectVersion = 55;
	objects = {

/* Begin PBXBuildFile section */
		64489E32276E067A00C85D28 /* LoginViewController.swift in Sources */ = {isa = PBXBuildFile; fileRef = 64489E31276E067A00C85D28 /* LoginViewController.swift */; };
		6449364827449C3D00E209FC /* AppDelegate.swift in Sources */ = {isa = PBXBuildFile; fileRef = 6449364727449C3D00E209FC /* AppDelegate.swift */; };
		6449364A27449C3D00E209FC /* SceneDelegate.swift in Sources */ = {isa = PBXBuildFile; fileRef = 6449364927449C3D00E209FC /* SceneDelegate.swift */; };
		6449364F27449C3D00E209FC /* Main.storyboard in Resources */ = {isa = PBXBuildFile; fileRef = 6449364D27449C3D00E209FC /* Main.storyboard */; };
		6449365127449C3F00E209FC /* Assets.xcassets in Resources */ = {isa = PBXBuildFile; fileRef = 6449365027449C3F00E209FC /* Assets.xcassets */; };
		6449365427449C3F00E209FC /* LaunchScreen.storyboard in Resources */ = {isa = PBXBuildFile; fileRef = 6449365227449C3F00E209FC /* LaunchScreen.storyboard */; };
		6449365F27449F2800E209FC /* TradingDaily.storyboard in Resources */ = {isa = PBXBuildFile; fileRef = 6449365E27449F2800E209FC /* TradingDaily.storyboard */; };
		6449366127449F8F00E209FC /* StockStudy.storyboard in Resources */ = {isa = PBXBuildFile; fileRef = 6449366027449F8F00E209FC /* StockStudy.storyboard */; };
		644936632744A0C300E209FC /* StockSchedule.storyboard in Resources */ = {isa = PBXBuildFile; fileRef = 644936622744A0C300E209FC /* StockSchedule.storyboard */; };
		644936662744DCFD00E209FC /* TradingDailyTableViewCell.swift in Sources */ = {isa = PBXBuildFile; fileRef = 644936642744DCFD00E209FC /* TradingDailyTableViewCell.swift */; };
		644936672744DCFD00E209FC /* TradingDailyTableViewCell.xib in Resources */ = {isa = PBXBuildFile; fileRef = 644936652744DCFD00E209FC /* TradingDailyTableViewCell.xib */; };
		6449366B2744E9D600E209FC /* StockStudyCollectionViewCell.swift in Sources */ = {isa = PBXBuildFile; fileRef = 644936692744E9D600E209FC /* StockStudyCollectionViewCell.swift */; };
		6449366C2744E9D600E209FC /* StockStudyCollectionViewCell.xib in Resources */ = {isa = PBXBuildFile; fileRef = 6449366A2744E9D600E209FC /* StockStudyCollectionViewCell.xib */; };
		64493674274656C000E209FC /* UserStockStudy.swift in Sources */ = {isa = PBXBuildFile; fileRef = 64493673274656C000E209FC /* UserStockStudy.swift */; };
		6449368727465AE300E209FC /* UserTradingDaily.swift in Sources */ = {isa = PBXBuildFile; fileRef = 6449368627465AE300E209FC /* UserTradingDaily.swift */; };
		6449368927465AFB00E209FC /* UserStockSchedule.swift in Sources */ = {isa = PBXBuildFile; fileRef = 6449368827465AFB00E209FC /* UserStockSchedule.swift */; };
		6449369A27472CE000E209FC /* TradingDailyViewController.swift in Sources */ = {isa = PBXBuildFile; fileRef = 6449369927472CE000E209FC /* TradingDailyViewController.swift */; };
		6449369C274733B500E209FC /* TradingDailyDetailViewController.swift in Sources */ = {isa = PBXBuildFile; fileRef = 6449369B274733B500E209FC /* TradingDailyDetailViewController.swift */; };
		6449369E2747A89D00E209FC /* StockStudyViewController.swift in Sources */ = {isa = PBXBuildFile; fileRef = 6449369D2747A89D00E209FC /* StockStudyViewController.swift */; };
		644936A027488BCD00E209FC /* StockStudyDetailViewController.swift in Sources */ = {isa = PBXBuildFile; fileRef = 6449369F27488BCD00E209FC /* StockStudyDetailViewController.swift */; };
		644936A52748C3E200E209FC /* StockScheduleTableViewCell.swift in Sources */ = {isa = PBXBuildFile; fileRef = 644936A32748C3E200E209FC /* StockScheduleTableViewCell.swift */; };
		644936A62748C3E200E209FC /* StockScheduleTableViewCell.xib in Resources */ = {isa = PBXBuildFile; fileRef = 644936A42748C3E200E209FC /* StockScheduleTableViewCell.xib */; };
		644936A82748C74E00E209FC /* StockScheduleViewController.swift in Sources */ = {isa = PBXBuildFile; fileRef = 644936A72748C74E00E209FC /* StockScheduleViewController.swift */; };
		644936AA2748CCD700E209FC /* StockScheduleDetailViewController.swift in Sources */ = {isa = PBXBuildFile; fileRef = 644936A92748CCD700E209FC /* StockScheduleDetailViewController.swift */; };
		644936B7274A3C4500E209FC /* UILabel+Extensions.swift in Sources */ = {isa = PBXBuildFile; fileRef = 644936B6274A3C4500E209FC /* UILabel+Extensions.swift */; };
		644936BD274B611000E209FC /* Date+Extensions.swift in Sources */ = {isa = PBXBuildFile; fileRef = 644936BC274B611000E209FC /* Date+Extensions.swift */; };
		644936BF274E37AB00E209FC /* roboto.regular.ttf in Resources */ = {isa = PBXBuildFile; fileRef = 644936BE274E375100E209FC /* roboto.regular.ttf */; };
		644936C1274E3A8100E209FC /* Roboto-Bold.ttf in Resources */ = {isa = PBXBuildFile; fileRef = 644936C0274E39A600E209FC /* Roboto-Bold.ttf */; };
		645429D727506DC700804EAA /* UIColor+Extensions.swift in Sources */ = {isa = PBXBuildFile; fileRef = 645429D627506DC700804EAA /* UIColor+Extensions.swift */; };
		645429D92753571800804EAA /* icon_tradingDaily.png in Resources */ = {isa = PBXBuildFile; fileRef = 645429D82753571800804EAA /* icon_tradingDaily.png */; };
		645429DB27547F0700804EAA /* icon_calendar.png in Resources */ = {isa = PBXBuildFile; fileRef = 645429DA27547F0700804EAA /* icon_calendar.png */; };
		645429DD27547F1100804EAA /* icon_stockStudy.png in Resources */ = {isa = PBXBuildFile; fileRef = 645429DC27547F1100804EAA /* icon_stockStudy.png */; };
		6481032C2773207300E79CF6 /* PortfolioTableViewCell.swift in Sources */ = {isa = PBXBuildFile; fileRef = 6481032A2773207300E79CF6 /* PortfolioTableViewCell.swift */; };
		6481032D2773207300E79CF6 /* PortfolioTableViewCell.xib in Resources */ = {isa = PBXBuildFile; fileRef = 6481032B2773207300E79CF6 /* PortfolioTableViewCell.xib */; };
		648FCF62275DA44E0054ED07 /* GoogleService-Info.plist in Resources */ = {isa = PBXBuildFile; fileRef = 648FCF61275DA44E0054ED07 /* GoogleService-Info.plist */; };
		64A6C41E27708194009D2828 /* Portfolio.storyboard in Resources */ = {isa = PBXBuildFile; fileRef = 64A6C41D27708194009D2828 /* Portfolio.storyboard */; };
		64A6C4202770A802009D2828 /* PortfolioViewController.swift in Sources */ = {isa = PBXBuildFile; fileRef = 64A6C41F2770A802009D2828 /* PortfolioViewController.swift */; };
		64A6C4232770AB7F009D2828 /* FSCalendar in Frameworks */ = {isa = PBXBuildFile; productRef = 64A6C4222770AB7F009D2828 /* FSCalendar */; };
		64A6C4252770B4D0009D2828 /* PortfolioDetailViewController.swift in Sources */ = {isa = PBXBuildFile; fileRef = 64A6C4242770B4D0009D2828 /* PortfolioDetailViewController.swift */; };
		64C704522774A50D0032302B /* FirebaseAnalytics in Frameworks */ = {isa = PBXBuildFile; productRef = 64C704512774A50D0032302B /* FirebaseAnalytics */; };
		64C704542774A50D0032302B /* FirebaseAuth in Frameworks */ = {isa = PBXBuildFile; productRef = 64C704532774A50D0032302B /* FirebaseAuth */; };
		64C704562774A50D0032302B /* FirebaseCrashlytics in Frameworks */ = {isa = PBXBuildFile; productRef = 64C704552774A50D0032302B /* FirebaseCrashlytics */; };
		64C7046D2774C77B0032302B /* Pods_DailyStock.framework in Frameworks */ = {isa = PBXBuildFile; fileRef = D1150810BF3ECA3876CB2210 /* Pods_DailyStock.framework */; };
		64C7046E2774C77B0032302B /* Pods_DailyStock.framework in Embed Frameworks */ = {isa = PBXBuildFile; fileRef = D1150810BF3ECA3876CB2210 /* Pods_DailyStock.framework */; settings = {ATTRIBUTES = (CodeSignOnCopy, RemoveHeadersOnCopy, ); }; };
		64D3E4B52771B202001E3128 /* UserPortfolio.swift in Sources */ = {isa = PBXBuildFile; fileRef = 64D3E4B42771B202001E3128 /* UserPortfolio.swift */; };
/* End PBXBuildFile section */

/* Begin PBXCopyFilesBuildPhase section */
		64C7046F2774C77B0032302B /* Embed Frameworks */ = {
			isa = PBXCopyFilesBuildPhase;
			buildActionMask = 8;
			dstPath = "";
			dstSubfolderSpec = 10;
			files = (
				64C7046E2774C77B0032302B /* Pods_DailyStock.framework in Embed Frameworks */,
			);
			name = "Embed Frameworks";
			runOnlyForDeploymentPostprocessing = 1;
		};
/* End PBXCopyFilesBuildPhase section */

/* Begin PBXFileReference section */
		64489E31276E067A00C85D28 /* LoginViewController.swift */ = {isa = PBXFileReference; lastKnownFileType = sourcecode.swift; path = LoginViewController.swift; sourceTree = "<group>"; };
		6449364427449C3D00E209FC /* DailyStock.app */ = {isa = PBXFileReference; explicitFileType = wrapper.application; includeInIndex = 0; path = DailyStock.app; sourceTree = BUILT_PRODUCTS_DIR; };
		6449364727449C3D00E209FC /* AppDelegate.swift */ = {isa = PBXFileReference; lastKnownFileType = sourcecode.swift; path = AppDelegate.swift; sourceTree = "<group>"; };
		6449364927449C3D00E209FC /* SceneDelegate.swift */ = {isa = PBXFileReference; lastKnownFileType = sourcecode.swift; path = SceneDelegate.swift; sourceTree = "<group>"; };
		6449364E27449C3D00E209FC /* Base */ = {isa = PBXFileReference; lastKnownFileType = file.storyboard; name = Base; path = Base.lproj/Main.storyboard; sourceTree = "<group>"; };
		6449365027449C3F00E209FC /* Assets.xcassets */ = {isa = PBXFileReference; lastKnownFileType = folder.assetcatalog; path = Assets.xcassets; sourceTree = "<group>"; };
		6449365327449C3F00E209FC /* Base */ = {isa = PBXFileReference; lastKnownFileType = file.storyboard; name = Base; path = Base.lproj/LaunchScreen.storyboard; sourceTree = "<group>"; };
		6449365527449C3F00E209FC /* Info.plist */ = {isa = PBXFileReference; lastKnownFileType = text.plist.xml; path = Info.plist; sourceTree = "<group>"; };
		6449365E27449F2800E209FC /* TradingDaily.storyboard */ = {isa = PBXFileReference; lastKnownFileType = file.storyboard; path = TradingDaily.storyboard; sourceTree = "<group>"; };
		6449366027449F8F00E209FC /* StockStudy.storyboard */ = {isa = PBXFileReference; lastKnownFileType = file.storyboard; path = StockStudy.storyboard; sourceTree = "<group>"; };
		644936622744A0C300E209FC /* StockSchedule.storyboard */ = {isa = PBXFileReference; lastKnownFileType = file.storyboard; path = StockSchedule.storyboard; sourceTree = "<group>"; };
		644936642744DCFD00E209FC /* TradingDailyTableViewCell.swift */ = {isa = PBXFileReference; lastKnownFileType = sourcecode.swift; path = TradingDailyTableViewCell.swift; sourceTree = "<group>"; };
		644936652744DCFD00E209FC /* TradingDailyTableViewCell.xib */ = {isa = PBXFileReference; lastKnownFileType = file.xib; path = TradingDailyTableViewCell.xib; sourceTree = "<group>"; };
		644936692744E9D600E209FC /* StockStudyCollectionViewCell.swift */ = {isa = PBXFileReference; lastKnownFileType = sourcecode.swift; path = StockStudyCollectionViewCell.swift; sourceTree = "<group>"; };
		6449366A2744E9D600E209FC /* StockStudyCollectionViewCell.xib */ = {isa = PBXFileReference; lastKnownFileType = file.xib; path = StockStudyCollectionViewCell.xib; sourceTree = "<group>"; };
		64493673274656C000E209FC /* UserStockStudy.swift */ = {isa = PBXFileReference; lastKnownFileType = sourcecode.swift; path = UserStockStudy.swift; sourceTree = "<group>"; };
		6449368627465AE300E209FC /* UserTradingDaily.swift */ = {isa = PBXFileReference; lastKnownFileType = sourcecode.swift; path = UserTradingDaily.swift; sourceTree = "<group>"; };
		6449368827465AFB00E209FC /* UserStockSchedule.swift */ = {isa = PBXFileReference; lastKnownFileType = sourcecode.swift; path = UserStockSchedule.swift; sourceTree = "<group>"; };
		6449369927472CE000E209FC /* TradingDailyViewController.swift */ = {isa = PBXFileReference; lastKnownFileType = sourcecode.swift; path = TradingDailyViewController.swift; sourceTree = "<group>"; };
		6449369B274733B500E209FC /* TradingDailyDetailViewController.swift */ = {isa = PBXFileReference; lastKnownFileType = sourcecode.swift; path = TradingDailyDetailViewController.swift; sourceTree = "<group>"; };
		6449369D2747A89D00E209FC /* StockStudyViewController.swift */ = {isa = PBXFileReference; lastKnownFileType = sourcecode.swift; path = StockStudyViewController.swift; sourceTree = "<group>"; };
		6449369F27488BCD00E209FC /* StockStudyDetailViewController.swift */ = {isa = PBXFileReference; lastKnownFileType = sourcecode.swift; path = StockStudyDetailViewController.swift; sourceTree = "<group>"; };
		644936A32748C3E200E209FC /* StockScheduleTableViewCell.swift */ = {isa = PBXFileReference; lastKnownFileType = sourcecode.swift; path = StockScheduleTableViewCell.swift; sourceTree = "<group>"; };
		644936A42748C3E200E209FC /* StockScheduleTableViewCell.xib */ = {isa = PBXFileReference; lastKnownFileType = file.xib; path = StockScheduleTableViewCell.xib; sourceTree = "<group>"; };
		644936A72748C74E00E209FC /* StockScheduleViewController.swift */ = {isa = PBXFileReference; lastKnownFileType = sourcecode.swift; path = StockScheduleViewController.swift; sourceTree = "<group>"; };
		644936A92748CCD700E209FC /* StockScheduleDetailViewController.swift */ = {isa = PBXFileReference; lastKnownFileType = sourcecode.swift; path = StockScheduleDetailViewController.swift; sourceTree = "<group>"; };
		644936B6274A3C4500E209FC /* UILabel+Extensions.swift */ = {isa = PBXFileReference; lastKnownFileType = sourcecode.swift; path = "UILabel+Extensions.swift"; sourceTree = "<group>"; };
		644936BC274B611000E209FC /* Date+Extensions.swift */ = {isa = PBXFileReference; lastKnownFileType = sourcecode.swift; path = "Date+Extensions.swift"; sourceTree = "<group>"; };
		644936BE274E375100E209FC /* roboto.regular.ttf */ = {isa = PBXFileReference; lastKnownFileType = file; path = roboto.regular.ttf; sourceTree = "<group>"; };
		644936C0274E39A600E209FC /* Roboto-Bold.ttf */ = {isa = PBXFileReference; lastKnownFileType = file; path = "Roboto-Bold.ttf"; sourceTree = "<group>"; };
		645429D627506DC700804EAA /* UIColor+Extensions.swift */ = {isa = PBXFileReference; lastKnownFileType = sourcecode.swift; path = "UIColor+Extensions.swift"; sourceTree = "<group>"; };
		645429D82753571800804EAA /* icon_tradingDaily.png */ = {isa = PBXFileReference; lastKnownFileType = image.png; path = icon_tradingDaily.png; sourceTree = "<group>"; };
		645429DA27547F0700804EAA /* icon_calendar.png */ = {isa = PBXFileReference; lastKnownFileType = image.png; path = icon_calendar.png; sourceTree = "<group>"; };
		645429DC27547F1100804EAA /* icon_stockStudy.png */ = {isa = PBXFileReference; lastKnownFileType = image.png; path = icon_stockStudy.png; sourceTree = "<group>"; };
		6481032A2773207300E79CF6 /* PortfolioTableViewCell.swift */ = {isa = PBXFileReference; lastKnownFileType = sourcecode.swift; path = PortfolioTableViewCell.swift; sourceTree = "<group>"; };
		6481032B2773207300E79CF6 /* PortfolioTableViewCell.xib */ = {isa = PBXFileReference; lastKnownFileType = file.xib; path = PortfolioTableViewCell.xib; sourceTree = "<group>"; };
		648FCF61275DA44E0054ED07 /* GoogleService-Info.plist */ = {isa = PBXFileReference; fileEncoding = 4; lastKnownFileType = text.plist.xml; path = "GoogleService-Info.plist"; sourceTree = "<group>"; };
		6498268B275EF26C00FA462F /* DailyStock.entitlements */ = {isa = PBXFileReference; lastKnownFileType = text.plist.entitlements; path = DailyStock.entitlements; sourceTree = "<group>"; };
		64A6C41D27708194009D2828 /* Portfolio.storyboard */ = {isa = PBXFileReference; lastKnownFileType = file.storyboard; path = Portfolio.storyboard; sourceTree = "<group>"; };
		64A6C41F2770A802009D2828 /* PortfolioViewController.swift */ = {isa = PBXFileReference; lastKnownFileType = sourcecode.swift; path = PortfolioViewController.swift; sourceTree = "<group>"; };
		64A6C4242770B4D0009D2828 /* PortfolioDetailViewController.swift */ = {isa = PBXFileReference; lastKnownFileType = sourcecode.swift; path = PortfolioDetailViewController.swift; sourceTree = "<group>"; };
		64C7045E2774B6500032302B /* Realm.framework */ = {isa = PBXFileReference; explicitFileType = wrapper.framework; path = Realm.framework; sourceTree = BUILT_PRODUCTS_DIR; };
		64C704622774B6550032302B /* RealmSwift.framework */ = {isa = PBXFileReference; explicitFileType = wrapper.framework; path = RealmSwift.framework; sourceTree = BUILT_PRODUCTS_DIR; };
		64D3E4B42771B202001E3128 /* UserPortfolio.swift */ = {isa = PBXFileReference; lastKnownFileType = sourcecode.swift; path = UserPortfolio.swift; sourceTree = "<group>"; };
		7E01D5DDD8F6C4B20AC4DE32 /* Pods-DailyStock.release.xcconfig */ = {isa = PBXFileReference; includeInIndex = 1; lastKnownFileType = text.xcconfig; name = "Pods-DailyStock.release.xcconfig"; path = "Target Support Files/Pods-DailyStock/Pods-DailyStock.release.xcconfig"; sourceTree = "<group>"; };
		9C82A1E094AC4CDF5264088D /* Pods-DailyStock.debug.xcconfig */ = {isa = PBXFileReference; includeInIndex = 1; lastKnownFileType = text.xcconfig; name = "Pods-DailyStock.debug.xcconfig"; path = "Target Support Files/Pods-DailyStock/Pods-DailyStock.debug.xcconfig"; sourceTree = "<group>"; };
		D1150810BF3ECA3876CB2210 /* Pods_DailyStock.framework */ = {isa = PBXFileReference; explicitFileType = wrapper.framework; includeInIndex = 0; path = Pods_DailyStock.framework; sourceTree = BUILT_PRODUCTS_DIR; };
/* End PBXFileReference section */

/* Begin PBXFrameworksBuildPhase section */
		6449364127449C3D00E209FC /* Frameworks */ = {
			isa = PBXFrameworksBuildPhase;
			buildActionMask = 2147483647;
			files = (
				64C7046D2774C77B0032302B /* Pods_DailyStock.framework in Frameworks */,
				64A6C4232770AB7F009D2828 /* FSCalendar in Frameworks */,
				64C704562774A50D0032302B /* FirebaseCrashlytics in Frameworks */,
				64C704522774A50D0032302B /* FirebaseAnalytics in Frameworks */,
				64C704542774A50D0032302B /* FirebaseAuth in Frameworks */,
			);
			runOnlyForDeploymentPostprocessing = 0;
		};
/* End PBXFrameworksBuildPhase section */

/* Begin PBXGroup section */
		6449363B27449C3D00E209FC = {
			isa = PBXGroup;
			children = (
				6449364627449C3D00E209FC /* DailyStock */,
				6449364527449C3D00E209FC /* Products */,
				B25FCCAE945A29347014A350 /* Pods */,
				A9609AFAADED25542D292A44 /* Frameworks */,
			);
			sourceTree = "<group>";
		};
		6449364527449C3D00E209FC /* Products */ = {
			isa = PBXGroup;
			children = (
				6449364427449C3D00E209FC /* DailyStock.app */,
			);
			name = Products;
			sourceTree = "<group>";
		};
		6449364627449C3D00E209FC /* DailyStock */ = {
			isa = PBXGroup;
			children = (
				6498268B275EF26C00FA462F /* DailyStock.entitlements */,
				645429DE2754A4C300804EAA /* image */,
				644936B5274A3BFF00E209FC /* Extension */,
				6449366D2744E9F800E209FC /* ViewCell */,
				6449365D27449D1E00E209FC /* Realm */,
				6449365C27449D0D00E209FC /* Storyboard */,
				6449365B27449D0100E209FC /* ViewController */,
				6449364727449C3D00E209FC /* AppDelegate.swift */,
				6449364927449C3D00E209FC /* SceneDelegate.swift */,
				644936BE274E375100E209FC /* roboto.regular.ttf */,
				644936C0274E39A600E209FC /* Roboto-Bold.ttf */,
				648FCF61275DA44E0054ED07 /* GoogleService-Info.plist */,
				6449364D27449C3D00E209FC /* Main.storyboard */,
				6449365027449C3F00E209FC /* Assets.xcassets */,
				6449365227449C3F00E209FC /* LaunchScreen.storyboard */,
				6449365527449C3F00E209FC /* Info.plist */,
			);
			path = DailyStock;
			sourceTree = "<group>";
		};
		6449365B27449D0100E209FC /* ViewController */ = {
			isa = PBXGroup;
			children = (
				6449369927472CE000E209FC /* TradingDailyViewController.swift */,
				6449369B274733B500E209FC /* TradingDailyDetailViewController.swift */,
				6449369D2747A89D00E209FC /* StockStudyViewController.swift */,
				6449369F27488BCD00E209FC /* StockStudyDetailViewController.swift */,
				644936A72748C74E00E209FC /* StockScheduleViewController.swift */,
				644936A92748CCD700E209FC /* StockScheduleDetailViewController.swift */,
				64489E31276E067A00C85D28 /* LoginViewController.swift */,
				64A6C41F2770A802009D2828 /* PortfolioViewController.swift */,
				64A6C4242770B4D0009D2828 /* PortfolioDetailViewController.swift */,
			);
			path = ViewController;
			sourceTree = "<group>";
		};
		6449365C27449D0D00E209FC /* Storyboard */ = {
			isa = PBXGroup;
			children = (
				6449365E27449F2800E209FC /* TradingDaily.storyboard */,
				644936652744DCFD00E209FC /* TradingDailyTableViewCell.xib */,
				6449366027449F8F00E209FC /* StockStudy.storyboard */,
				644936622744A0C300E209FC /* StockSchedule.storyboard */,
				6449366A2744E9D600E209FC /* StockStudyCollectionViewCell.xib */,
				644936A42748C3E200E209FC /* StockScheduleTableViewCell.xib */,
				64A6C41D27708194009D2828 /* Portfolio.storyboard */,
				6481032B2773207300E79CF6 /* PortfolioTableViewCell.xib */,
			);
			path = Storyboard;
			sourceTree = "<group>";
		};
		6449365D27449D1E00E209FC /* Realm */ = {
			isa = PBXGroup;
			children = (
				6449368627465AE300E209FC /* UserTradingDaily.swift */,
				64493673274656C000E209FC /* UserStockStudy.swift */,
				6449368827465AFB00E209FC /* UserStockSchedule.swift */,
				64D3E4B42771B202001E3128 /* UserPortfolio.swift */,
			);
			path = Realm;
			sourceTree = "<group>";
		};
		6449366D2744E9F800E209FC /* ViewCell */ = {
			isa = PBXGroup;
			children = (
				644936692744E9D600E209FC /* StockStudyCollectionViewCell.swift */,
				644936642744DCFD00E209FC /* TradingDailyTableViewCell.swift */,
				644936A32748C3E200E209FC /* StockScheduleTableViewCell.swift */,
				6481032A2773207300E79CF6 /* PortfolioTableViewCell.swift */,
			);
			path = ViewCell;
			sourceTree = "<group>";
		};
		644936B5274A3BFF00E209FC /* Extension */ = {
			isa = PBXGroup;
			children = (
				644936B6274A3C4500E209FC /* UILabel+Extensions.swift */,
				644936BC274B611000E209FC /* Date+Extensions.swift */,
				645429D627506DC700804EAA /* UIColor+Extensions.swift */,
			);
			path = Extension;
			sourceTree = "<group>";
		};
		645429DE2754A4C300804EAA /* image */ = {
			isa = PBXGroup;
			children = (
				645429DC27547F1100804EAA /* icon_stockStudy.png */,
				645429DA27547F0700804EAA /* icon_calendar.png */,
				645429D82753571800804EAA /* icon_tradingDaily.png */,
			);
			path = image;
			sourceTree = "<group>";
		};
		A9609AFAADED25542D292A44 /* Frameworks */ = {
			isa = PBXGroup;
			children = (
				64C704622774B6550032302B /* RealmSwift.framework */,
				64C7045E2774B6500032302B /* Realm.framework */,
				D1150810BF3ECA3876CB2210 /* Pods_DailyStock.framework */,
			);
			name = Frameworks;
			sourceTree = "<group>";
		};
		B25FCCAE945A29347014A350 /* Pods */ = {
			isa = PBXGroup;
			children = (
				9C82A1E094AC4CDF5264088D /* Pods-DailyStock.debug.xcconfig */,
				7E01D5DDD8F6C4B20AC4DE32 /* Pods-DailyStock.release.xcconfig */,
			);
			path = Pods;
			sourceTree = "<group>";
		};
/* End PBXGroup section */

/* Begin PBXNativeTarget section */
		6449364327449C3D00E209FC /* DailyStock */ = {
			isa = PBXNativeTarget;
			buildConfigurationList = 6449365827449C3F00E209FC /* Build configuration list for PBXNativeTarget "DailyStock" */;
			buildPhases = (
				8A1907C6891E709D5EA2A9AE /* [CP] Check Pods Manifest.lock */,
				6449364027449C3D00E209FC /* Sources */,
				6449364127449C3D00E209FC /* Frameworks */,
				6449364227449C3D00E209FC /* Resources */,
				6498268C275EF39100FA462F /* Run Script */,
				9D747B7574BC582CB33ABD65 /* [CP] Embed Pods Frameworks */,
				9131DA5FB18A157D7CA2BCBD /* [CP] Copy Pods Resources */,
				64C7046F2774C77B0032302B /* Embed Frameworks */,
			);
			buildRules = (
			);
			dependencies = (
			);
			name = DailyStock;
			packageProductDependencies = (
				64A6C4222770AB7F009D2828 /* FSCalendar */,
				64C704512774A50D0032302B /* FirebaseAnalytics */,
				64C704532774A50D0032302B /* FirebaseAuth */,
				64C704552774A50D0032302B /* FirebaseCrashlytics */,
			);
			productName = DailyStock;
			productReference = 6449364427449C3D00E209FC /* DailyStock.app */;
			productType = "com.apple.product-type.application";
		};
/* End PBXNativeTarget section */

/* Begin PBXProject section */
		6449363C27449C3D00E209FC /* Project object */ = {
			isa = PBXProject;
			attributes = {
				BuildIndependentTargetsInParallel = 1;
				LastSwiftUpdateCheck = 1310;
				LastUpgradeCheck = 1310;
				TargetAttributes = {
					6449364327449C3D00E209FC = {
						CreatedOnToolsVersion = 13.1;
					};
				};
			};
			buildConfigurationList = 6449363F27449C3D00E209FC /* Build configuration list for PBXProject "DailyStock" */;
			compatibilityVersion = "Xcode 13.0";
			developmentRegion = en;
			hasScannedForEncodings = 0;
			knownRegions = (
				en,
				Base,
			);
			mainGroup = 6449363B27449C3D00E209FC;
			packageReferences = (
				64A6C4212770AB7F009D2828 /* XCRemoteSwiftPackageReference "FSCalendar" */,
				64C704502774A50D0032302B /* XCRemoteSwiftPackageReference "firebase-ios-sdk" */,
			);
			productRefGroup = 6449364527449C3D00E209FC /* Products */;
			projectDirPath = "";
			projectRoot = "";
			targets = (
				6449364327449C3D00E209FC /* DailyStock */,
			);
		};
/* End PBXProject section */

/* Begin PBXResourcesBuildPhase section */
		6449364227449C3D00E209FC /* Resources */ = {
			isa = PBXResourcesBuildPhase;
			buildActionMask = 2147483647;
			files = (
				645429DB27547F0700804EAA /* icon_calendar.png in Resources */,
				644936C1274E3A8100E209FC /* Roboto-Bold.ttf in Resources */,
				648FCF62275DA44E0054ED07 /* GoogleService-Info.plist in Resources */,
				6449366127449F8F00E209FC /* StockStudy.storyboard in Resources */,
				6481032D2773207300E79CF6 /* PortfolioTableViewCell.xib in Resources */,
				6449365427449C3F00E209FC /* LaunchScreen.storyboard in Resources */,
				644936A62748C3E200E209FC /* StockScheduleTableViewCell.xib in Resources */,
				645429DD27547F1100804EAA /* icon_stockStudy.png in Resources */,
				645429D92753571800804EAA /* icon_tradingDaily.png in Resources */,
				6449366C2744E9D600E209FC /* StockStudyCollectionViewCell.xib in Resources */,
				64A6C41E27708194009D2828 /* Portfolio.storyboard in Resources */,
				644936632744A0C300E209FC /* StockSchedule.storyboard in Resources */,
				6449365127449C3F00E209FC /* Assets.xcassets in Resources */,
				6449365F27449F2800E209FC /* TradingDaily.storyboard in Resources */,
				6449364F27449C3D00E209FC /* Main.storyboard in Resources */,
				644936672744DCFD00E209FC /* TradingDailyTableViewCell.xib in Resources */,
				644936BF274E37AB00E209FC /* roboto.regular.ttf in Resources */,
			);
			runOnlyForDeploymentPostprocessing = 0;
		};
/* End PBXResourcesBuildPhase section */

/* Begin PBXShellScriptBuildPhase section */
		6498268C275EF39100FA462F /* Run Script */ = {
			isa = PBXShellScriptBuildPhase;
			buildActionMask = 2147483647;
			files = (
			);
			inputFileListPaths = (
			);
			inputPaths = (
				"${DWARF_DSYM_FOLDER_PATH}/${DWARF_DSYM_FILE_NAME}/Contents/Resources/DWARF/${TARGET_NAME}",
				"$(SRCROOT)/$(BUILT_PRODUCTS_DIR)/$(INFOPLIST_PATH)",
			);
			name = "Run Script";
			outputFileListPaths = (
			);
			outputPaths = (
			);
			runOnlyForDeploymentPostprocessing = 0;
			shellPath = /bin/sh;
			shellScript = "# Type a script or drag a script file from your workspace to insert its path.\nif [ \"${CONFIGURATION}\" != \"Debug\" ]; then\n    \"${PODS_ROOT}/FirebaseCrashlytics/run\"\n    \"${PODS_ROOT}/FirebaseCrashlytics/upload-symbols\" -gsp ${BUILT_PRODUCTS_DIR}/${PRODUCT_NAME}.app/GoogleService-Info.plist -p ios ${DWARF_DSYM_FOLDER_PATH}/${DWARF_DSYM_FILE_NAME}\nfi\n";
		};
		8A1907C6891E709D5EA2A9AE /* [CP] Check Pods Manifest.lock */ = {
			isa = PBXShellScriptBuildPhase;
			buildActionMask = 2147483647;
			files = (
			);
			inputFileListPaths = (
			);
			inputPaths = (
				"${PODS_PODFILE_DIR_PATH}/Podfile.lock",
				"${PODS_ROOT}/Manifest.lock",
			);
			name = "[CP] Check Pods Manifest.lock";
			outputFileListPaths = (
			);
			outputPaths = (
				"$(DERIVED_FILE_DIR)/Pods-DailyStock-checkManifestLockResult.txt",
			);
			runOnlyForDeploymentPostprocessing = 0;
			shellPath = /bin/sh;
			shellScript = "diff \"${PODS_PODFILE_DIR_PATH}/Podfile.lock\" \"${PODS_ROOT}/Manifest.lock\" > /dev/null\nif [ $? != 0 ] ; then\n    # print error to STDERR\n    echo \"error: The sandbox is not in sync with the Podfile.lock. Run 'pod install' or update your CocoaPods installation.\" >&2\n    exit 1\nfi\n# This output is used by Xcode 'outputs' to avoid re-running this script phase.\necho \"SUCCESS\" > \"${SCRIPT_OUTPUT_FILE_0}\"\n";
			showEnvVarsInLog = 0;
		};
		9131DA5FB18A157D7CA2BCBD /* [CP] Copy Pods Resources */ = {
			isa = PBXShellScriptBuildPhase;
			buildActionMask = 2147483647;
			files = (
			);
			inputFileListPaths = (
				"${PODS_ROOT}/Target Support Files/Pods-DailyStock/Pods-DailyStock-resources-${CONFIGURATION}-input-files.xcfilelist",
			);
			name = "[CP] Copy Pods Resources";
			outputFileListPaths = (
				"${PODS_ROOT}/Target Support Files/Pods-DailyStock/Pods-DailyStock-resources-${CONFIGURATION}-output-files.xcfilelist",
			);
			runOnlyForDeploymentPostprocessing = 0;
			shellPath = /bin/sh;
			shellScript = "\"${PODS_ROOT}/Target Support Files/Pods-DailyStock/Pods-DailyStock-resources.sh\"\n";
			showEnvVarsInLog = 0;
		};
		9D747B7574BC582CB33ABD65 /* [CP] Embed Pods Frameworks */ = {
			isa = PBXShellScriptBuildPhase;
			buildActionMask = 2147483647;
			files = (
			);
			inputFileListPaths = (
				"${PODS_ROOT}/Target Support Files/Pods-DailyStock/Pods-DailyStock-frameworks-${CONFIGURATION}-input-files.xcfilelist",
			);
			name = "[CP] Embed Pods Frameworks";
			outputFileListPaths = (
				"${PODS_ROOT}/Target Support Files/Pods-DailyStock/Pods-DailyStock-frameworks-${CONFIGURATION}-output-files.xcfilelist",
			);
			runOnlyForDeploymentPostprocessing = 0;
			shellPath = /bin/sh;
			shellScript = "\"${PODS_ROOT}/Target Support Files/Pods-DailyStock/Pods-DailyStock-frameworks.sh\"\n";
			showEnvVarsInLog = 0;
		};
/* End PBXShellScriptBuildPhase section */

/* Begin PBXSourcesBuildPhase section */
		6449364027449C3D00E209FC /* Sources */ = {
			isa = PBXSourcesBuildPhase;
			buildActionMask = 2147483647;
			files = (
				64489E32276E067A00C85D28 /* LoginViewController.swift in Sources */,
				644936A82748C74E00E209FC /* StockScheduleViewController.swift in Sources */,
				6449369A27472CE000E209FC /* TradingDailyViewController.swift in Sources */,
				64D3E4B52771B202001E3128 /* UserPortfolio.swift in Sources */,
				644936A52748C3E200E209FC /* StockScheduleTableViewCell.swift in Sources */,
				644936A027488BCD00E209FC /* StockStudyDetailViewController.swift in Sources */,
				644936662744DCFD00E209FC /* TradingDailyTableViewCell.swift in Sources */,
				6449368927465AFB00E209FC /* UserStockSchedule.swift in Sources */,
				645429D727506DC700804EAA /* UIColor+Extensions.swift in Sources */,
				6449366B2744E9D600E209FC /* StockStudyCollectionViewCell.swift in Sources */,
				6481032C2773207300E79CF6 /* PortfolioTableViewCell.swift in Sources */,
				644936BD274B611000E209FC /* Date+Extensions.swift in Sources */,
				6449369C274733B500E209FC /* TradingDailyDetailViewController.swift in Sources */,
				64A6C4202770A802009D2828 /* PortfolioViewController.swift in Sources */,
				6449369E2747A89D00E209FC /* StockStudyViewController.swift in Sources */,
				64493674274656C000E209FC /* UserStockStudy.swift in Sources */,
				64A6C4252770B4D0009D2828 /* PortfolioDetailViewController.swift in Sources */,
				6449368727465AE300E209FC /* UserTradingDaily.swift in Sources */,
				644936B7274A3C4500E209FC /* UILabel+Extensions.swift in Sources */,
				644936AA2748CCD700E209FC /* StockScheduleDetailViewController.swift in Sources */,
				6449364827449C3D00E209FC /* AppDelegate.swift in Sources */,
				6449364A27449C3D00E209FC /* SceneDelegate.swift in Sources */,
			);
			runOnlyForDeploymentPostprocessing = 0;
		};
/* End PBXSourcesBuildPhase section */

/* Begin PBXVariantGroup section */
		6449364D27449C3D00E209FC /* Main.storyboard */ = {
			isa = PBXVariantGroup;
			children = (
				6449364E27449C3D00E209FC /* Base */,
			);
			name = Main.storyboard;
			sourceTree = "<group>";
		};
		6449365227449C3F00E209FC /* LaunchScreen.storyboard */ = {
			isa = PBXVariantGroup;
			children = (
				6449365327449C3F00E209FC /* Base */,
			);
			name = LaunchScreen.storyboard;
			sourceTree = "<group>";
		};
/* End PBXVariantGroup section */

/* Begin XCBuildConfiguration section */
		6449365627449C3F00E209FC /* Debug */ = {
			isa = XCBuildConfiguration;
			buildSettings = {
				ALWAYS_SEARCH_USER_PATHS = NO;
				CLANG_ANALYZER_NONNULL = YES;
				CLANG_ANALYZER_NUMBER_OBJECT_CONVERSION = YES_AGGRESSIVE;
				CLANG_CXX_LANGUAGE_STANDARD = "gnu++17";
				CLANG_CXX_LIBRARY = "libc++";
				CLANG_ENABLE_MODULES = YES;
				CLANG_ENABLE_OBJC_ARC = YES;
				CLANG_ENABLE_OBJC_WEAK = YES;
				CLANG_WARN_BLOCK_CAPTURE_AUTORELEASING = YES;
				CLANG_WARN_BOOL_CONVERSION = YES;
				CLANG_WARN_COMMA = YES;
				CLANG_WARN_CONSTANT_CONVERSION = YES;
				CLANG_WARN_DEPRECATED_OBJC_IMPLEMENTATIONS = YES;
				CLANG_WARN_DIRECT_OBJC_ISA_USAGE = YES_ERROR;
				CLANG_WARN_DOCUMENTATION_COMMENTS = YES;
				CLANG_WARN_EMPTY_BODY = YES;
				CLANG_WARN_ENUM_CONVERSION = YES;
				CLANG_WARN_INFINITE_RECURSION = YES;
				CLANG_WARN_INT_CONVERSION = YES;
				CLANG_WARN_NON_LITERAL_NULL_CONVERSION = YES;
				CLANG_WARN_OBJC_IMPLICIT_RETAIN_SELF = YES;
				CLANG_WARN_OBJC_LITERAL_CONVERSION = YES;
				CLANG_WARN_OBJC_ROOT_CLASS = YES_ERROR;
				CLANG_WARN_QUOTED_INCLUDE_IN_FRAMEWORK_HEADER = YES;
				CLANG_WARN_RANGE_LOOP_ANALYSIS = YES;
				CLANG_WARN_STRICT_PROTOTYPES = YES;
				CLANG_WARN_SUSPICIOUS_MOVE = YES;
				CLANG_WARN_UNGUARDED_AVAILABILITY = YES_AGGRESSIVE;
				CLANG_WARN_UNREACHABLE_CODE = YES;
				CLANG_WARN__DUPLICATE_METHOD_MATCH = YES;
				COPY_PHASE_STRIP = NO;
				DEBUG_INFORMATION_FORMAT = dwarf;
				ENABLE_STRICT_OBJC_MSGSEND = YES;
				ENABLE_TESTABILITY = YES;
				"EXCLUDED_ARCHS[sdk=iphonesimulator*]" = x86_64;
				GCC_C_LANGUAGE_STANDARD = gnu11;
				GCC_DYNAMIC_NO_PIC = NO;
				GCC_NO_COMMON_BLOCKS = YES;
				GCC_OPTIMIZATION_LEVEL = 0;
				GCC_PREPROCESSOR_DEFINITIONS = (
					"DEBUG=1",
					"$(inherited)",
				);
				GCC_WARN_64_TO_32_BIT_CONVERSION = YES;
				GCC_WARN_ABOUT_RETURN_TYPE = YES_ERROR;
				GCC_WARN_UNDECLARED_SELECTOR = YES;
				GCC_WARN_UNINITIALIZED_AUTOS = YES_AGGRESSIVE;
				GCC_WARN_UNUSED_FUNCTION = YES;
				GCC_WARN_UNUSED_VARIABLE = YES;
				IPHONEOS_DEPLOYMENT_TARGET = 13.0;
				MTL_ENABLE_DEBUG_INFO = INCLUDE_SOURCE;
				MTL_FAST_MATH = YES;
				ONLY_ACTIVE_ARCH = YES;
				SDKROOT = iphoneos;
				SWIFT_ACTIVE_COMPILATION_CONDITIONS = DEBUG;
				SWIFT_OPTIMIZATION_LEVEL = "-Onone";
			};
			name = Debug;
		};
		6449365727449C3F00E209FC /* Release */ = {
			isa = XCBuildConfiguration;
			buildSettings = {
				ALWAYS_SEARCH_USER_PATHS = NO;
				CLANG_ANALYZER_NONNULL = YES;
				CLANG_ANALYZER_NUMBER_OBJECT_CONVERSION = YES_AGGRESSIVE;
				CLANG_CXX_LANGUAGE_STANDARD = "gnu++17";
				CLANG_CXX_LIBRARY = "libc++";
				CLANG_ENABLE_MODULES = YES;
				CLANG_ENABLE_OBJC_ARC = YES;
				CLANG_ENABLE_OBJC_WEAK = YES;
				CLANG_WARN_BLOCK_CAPTURE_AUTORELEASING = YES;
				CLANG_WARN_BOOL_CONVERSION = YES;
				CLANG_WARN_COMMA = YES;
				CLANG_WARN_CONSTANT_CONVERSION = YES;
				CLANG_WARN_DEPRECATED_OBJC_IMPLEMENTATIONS = YES;
				CLANG_WARN_DIRECT_OBJC_ISA_USAGE = YES_ERROR;
				CLANG_WARN_DOCUMENTATION_COMMENTS = YES;
				CLANG_WARN_EMPTY_BODY = YES;
				CLANG_WARN_ENUM_CONVERSION = YES;
				CLANG_WARN_INFINITE_RECURSION = YES;
				CLANG_WARN_INT_CONVERSION = YES;
				CLANG_WARN_NON_LITERAL_NULL_CONVERSION = YES;
				CLANG_WARN_OBJC_IMPLICIT_RETAIN_SELF = YES;
				CLANG_WARN_OBJC_LITERAL_CONVERSION = YES;
				CLANG_WARN_OBJC_ROOT_CLASS = YES_ERROR;
				CLANG_WARN_QUOTED_INCLUDE_IN_FRAMEWORK_HEADER = YES;
				CLANG_WARN_RANGE_LOOP_ANALYSIS = YES;
				CLANG_WARN_STRICT_PROTOTYPES = YES;
				CLANG_WARN_SUSPICIOUS_MOVE = YES;
				CLANG_WARN_UNGUARDED_AVAILABILITY = YES_AGGRESSIVE;
				CLANG_WARN_UNREACHABLE_CODE = YES;
				CLANG_WARN__DUPLICATE_METHOD_MATCH = YES;
				COPY_PHASE_STRIP = NO;
				DEBUG_INFORMATION_FORMAT = "dwarf-with-dsym";
				ENABLE_NS_ASSERTIONS = NO;
				ENABLE_STRICT_OBJC_MSGSEND = YES;
				EXCLUDED_ARCHS = "";
				"EXCLUDED_ARCHS[sdk=iphonesimulator*]" = x86_64;
				GCC_C_LANGUAGE_STANDARD = gnu11;
				GCC_NO_COMMON_BLOCKS = YES;
				GCC_WARN_64_TO_32_BIT_CONVERSION = YES;
				GCC_WARN_ABOUT_RETURN_TYPE = YES_ERROR;
				GCC_WARN_UNDECLARED_SELECTOR = YES;
				GCC_WARN_UNINITIALIZED_AUTOS = YES_AGGRESSIVE;
				GCC_WARN_UNUSED_FUNCTION = YES;
				GCC_WARN_UNUSED_VARIABLE = YES;
				IPHONEOS_DEPLOYMENT_TARGET = 13.0;
				MTL_ENABLE_DEBUG_INFO = NO;
				MTL_FAST_MATH = YES;
				ONLY_ACTIVE_ARCH = YES;
				SDKROOT = iphoneos;
				SWIFT_COMPILATION_MODE = wholemodule;
				SWIFT_OPTIMIZATION_LEVEL = "-O";
				VALIDATE_PRODUCT = YES;
			};
			name = Release;
		};
		6449365927449C3F00E209FC /* Debug */ = {
			isa = XCBuildConfiguration;
			baseConfigurationReference = 9C82A1E094AC4CDF5264088D /* Pods-DailyStock.debug.xcconfig */;
			buildSettings = {
				ARCHS = "$(ARCHS_STANDARD)";
				ASSETCATALOG_COMPILER_APPICON_NAME = AppIcon;
				ASSETCATALOG_COMPILER_GLOBAL_ACCENT_COLOR_NAME = AccentColor;
				ASSETCATALOG_COMPILER_INCLUDE_ALL_APPICON_ASSETS = NO;
				CODE_SIGN_ENTITLEMENTS = DailyStock/DailyStock.entitlements;
				CODE_SIGN_IDENTITY = "Apple Development";
				CODE_SIGN_STYLE = Automatic;
				CURRENT_PROJECT_VERSION = 1.0.4;
				DEBUG_INFORMATION_FORMAT = "dwarf-with-dsym";
				DEVELOPMENT_TEAM = XJJN8UXL48;
				"EXCLUDED_ARCHS[sdk=iphonesimulator*]" = arm64;
				GENERATE_INFOPLIST_FILE = YES;
				INFOPLIST_FILE = DailyStock/Info.plist;
				INFOPLIST_KEY_CFBundleDisplayName = "매매노트";
				INFOPLIST_KEY_UIApplicationSupportsIndirectInputEvents = YES;
				INFOPLIST_KEY_UILaunchStoryboardName = LaunchScreen;
				INFOPLIST_KEY_UIMainStoryboardFile = Main;
				INFOPLIST_KEY_UISupportedInterfaceOrientations = UIInterfaceOrientationPortrait;
				INFOPLIST_KEY_UISupportedInterfaceOrientations_iPad = "UIInterfaceOrientationPortrait UIInterfaceOrientationPortraitUpsideDown UIInterfaceOrientationLandscapeLeft UIInterfaceOrientationLandscapeRight";
				INFOPLIST_KEY_UISupportedInterfaceOrientations_iPhone = "UIInterfaceOrientationPortrait UIInterfaceOrientationLandscapeLeft UIInterfaceOrientationLandscapeRight";
				IPHONEOS_DEPLOYMENT_TARGET = 13.0;
				LD_RUNPATH_SEARCH_PATHS = (
					"$(inherited)",
					"@executable_path/Frameworks",
				);
				MARKETING_VERSION = 1.0.4;
				ONLY_ACTIVE_ARCH = NO;
				PRODUCT_BUNDLE_IDENTIFIER = com.jmkim.DailyStock;
				PRODUCT_NAME = "$(TARGET_NAME)";
				PROVISIONING_PROFILE_SPECIFIER = "";
				SWIFT_EMIT_LOC_STRINGS = YES;
				SWIFT_VERSION = 5.0;
				TARGETED_DEVICE_FAMILY = 1;
			};
			name = Debug;
		};
		6449365A27449C3F00E209FC /* Release */ = {
			isa = XCBuildConfiguration;
			baseConfigurationReference = 7E01D5DDD8F6C4B20AC4DE32 /* Pods-DailyStock.release.xcconfig */;
			buildSettings = {
				ARCHS = "$(ARCHS_STANDARD)";
				ASSETCATALOG_COMPILER_APPICON_NAME = AppIcon;
				ASSETCATALOG_COMPILER_GLOBAL_ACCENT_COLOR_NAME = AccentColor;
				ASSETCATALOG_COMPILER_INCLUDE_ALL_APPICON_ASSETS = NO;
				CODE_SIGN_ENTITLEMENTS = DailyStock/DailyStock.entitlements;
				CODE_SIGN_IDENTITY = "Apple Development";
				CODE_SIGN_STYLE = Automatic;
				CURRENT_PROJECT_VERSION = 1.0.4;
				DEVELOPMENT_TEAM = XJJN8UXL48;
				"EXCLUDED_ARCHS[sdk=iphonesimulator*]" = arm64;
				GENERATE_INFOPLIST_FILE = YES;
				INFOPLIST_FILE = DailyStock/Info.plist;
				INFOPLIST_KEY_CFBundleDisplayName = "매매노트";
				INFOPLIST_KEY_UIApplicationSupportsIndirectInputEvents = YES;
				INFOPLIST_KEY_UILaunchStoryboardName = LaunchScreen;
				INFOPLIST_KEY_UIMainStoryboardFile = Main;
				INFOPLIST_KEY_UISupportedInterfaceOrientations = UIInterfaceOrientationPortrait;
				INFOPLIST_KEY_UISupportedInterfaceOrientations_iPad = "UIInterfaceOrientationPortrait UIInterfaceOrientationPortraitUpsideDown UIInterfaceOrientationLandscapeLeft UIInterfaceOrientationLandscapeRight";
				INFOPLIST_KEY_UISupportedInterfaceOrientations_iPhone = "UIInterfaceOrientationPortrait UIInterfaceOrientationLandscapeLeft UIInterfaceOrientationLandscapeRight";
				IPHONEOS_DEPLOYMENT_TARGET = 13.0;
				LD_RUNPATH_SEARCH_PATHS = (
					"$(inherited)",
					"@executable_path/Frameworks",
				);
				MARKETING_VERSION = 1.0.4;
				ONLY_ACTIVE_ARCH = NO;
				PRODUCT_BUNDLE_IDENTIFIER = com.jmkim.DailyStock;
				PRODUCT_NAME = "$(TARGET_NAME)";
				PROVISIONING_PROFILE_SPECIFIER = "";
				SWIFT_EMIT_LOC_STRINGS = YES;
				SWIFT_VERSION = 5.0;
				TARGETED_DEVICE_FAMILY = 1;
			};
			name = Release;
		};
/* End XCBuildConfiguration section */

/* Begin XCConfigurationList section */
		6449363F27449C3D00E209FC /* Build configuration list for PBXProject "DailyStock" */ = {
			isa = XCConfigurationList;
			buildConfigurations = (
				6449365627449C3F00E209FC /* Debug */,
				6449365727449C3F00E209FC /* Release */,
			);
			defaultConfigurationIsVisible = 0;
			defaultConfigurationName = Release;
		};
		6449365827449C3F00E209FC /* Build configuration list for PBXNativeTarget "DailyStock" */ = {
			isa = XCConfigurationList;
			buildConfigurations = (
				6449365927449C3F00E209FC /* Debug */,
				6449365A27449C3F00E209FC /* Release */,
			);
			defaultConfigurationIsVisible = 0;
			defaultConfigurationName = Release;
		};
/* End XCConfigurationList section */

/* Begin XCRemoteSwiftPackageReference section */
		64A6C4212770AB7F009D2828 /* XCRemoteSwiftPackageReference "FSCalendar" */ = {
			isa = XCRemoteSwiftPackageReference;
			repositoryURL = "https://github.com/WenchaoD/FSCalendar.git";
			requirement = {
				kind = upToNextMajorVersion;
				minimumVersion = 2.0.0;
			};
		};
		64C704502774A50D0032302B /* XCRemoteSwiftPackageReference "firebase-ios-sdk" */ = {
			isa = XCRemoteSwiftPackageReference;
			repositoryURL = "https://github.com/firebase/firebase-ios-sdk";
			requirement = {
				branch = master;
				kind = branch;
			};
		};
/* End XCRemoteSwiftPackageReference section */

/* Begin XCSwiftPackageProductDependency section */
		64A6C4222770AB7F009D2828 /* FSCalendar */ = {
			isa = XCSwiftPackageProductDependency;
			package = 64A6C4212770AB7F009D2828 /* XCRemoteSwiftPackageReference "FSCalendar" */;
			productName = FSCalendar;
		};
		64C704512774A50D0032302B /* FirebaseAnalytics */ = {
			isa = XCSwiftPackageProductDependency;
			package = 64C704502774A50D0032302B /* XCRemoteSwiftPackageReference "firebase-ios-sdk" */;
			productName = FirebaseAnalytics;
		};
		64C704532774A50D0032302B /* FirebaseAuth */ = {
			isa = XCSwiftPackageProductDependency;
			package = 64C704502774A50D0032302B /* XCRemoteSwiftPackageReference "firebase-ios-sdk" */;
			productName = FirebaseAuth;
		};
		64C704552774A50D0032302B /* FirebaseCrashlytics */ = {
			isa = XCSwiftPackageProductDependency;
			package = 64C704502774A50D0032302B /* XCRemoteSwiftPackageReference "firebase-ios-sdk" */;
			productName = FirebaseCrashlytics;
		};
/* End XCSwiftPackageProductDependency section */
	};
	rootObject = 6449363C27449C3D00E209FC /* Project object */;
}
