// !$*UTF8*$!
{
	archiveVersion = 1;
	classes = {
	};
	objectVersion = 55;
	objects = {

/* Begin PBXBuildFile section */
		6449364827449C3D00E209FC /* AppDelegate.swift in Sources */ = {isa = PBXBuildFile; fileRef = 6449364727449C3D00E209FC /* AppDelegate.swift */; };
		6449364A27449C3D00E209FC /* SceneDelegate.swift in Sources */ = {isa = PBXBuildFile; fileRef = 6449364927449C3D00E209FC /* SceneDelegate.swift */; };
		6449364C27449C3D00E209FC /* ViewController.swift in Sources */ = {isa = PBXBuildFile; fileRef = 6449364B27449C3D00E209FC /* ViewController.swift */; };
		6449364F27449C3D00E209FC /* Main.storyboard in Resources */ = {isa = PBXBuildFile; fileRef = 6449364D27449C3D00E209FC /* Main.storyboard */; };
		6449365127449C3F00E209FC /* Assets.xcassets in Resources */ = {isa = PBXBuildFile; fileRef = 6449365027449C3F00E209FC /* Assets.xcassets */; };
		6449365427449C3F00E209FC /* LaunchScreen.storyboard in Resources */ = {isa = PBXBuildFile; fileRef = 6449365227449C3F00E209FC /* LaunchScreen.storyboard */; };
		6449365F27449F2800E209FC /* TradingDaily.storyboard in Resources */ = {isa = PBXBuildFile; fileRef = 6449365E27449F2800E209FC /* TradingDaily.storyboard */; };
		6449366127449F8F00E209FC /* StockStudy.storyboard in Resources */ = {isa = PBXBuildFile; fileRef = 6449366027449F8F00E209FC /* StockStudy.storyboard */; };
		644936632744A0C300E209FC /* StockSchedule.storyboard in Resources */ = {isa = PBXBuildFile; fileRef = 644936622744A0C300E209FC /* StockSchedule.storyboard */; };
		644936662744DCFD00E209FC /* TradingDailyTableViewCell.swift in Sources */ = {isa = PBXBuildFile; fileRef = 644936642744DCFD00E209FC /* TradingDailyTableViewCell.swift */; };
		644936672744DCFD00E209FC /* TradingDailyTableViewCell.xib in Resources */ = {isa = PBXBuildFile; fileRef = 644936652744DCFD00E209FC /* TradingDailyTableViewCell.xib */; };
		6449366B2744E9D600E209FC /* StockStudyCollectionViewCell.swift in Sources */ = {isa = PBXBuildFile; fileRef = 644936692744E9D600E209FC /* StockStudyCollectionViewCell.swift */; };
		6449366C2744E9D600E209FC /* StockStudyCollectionViewCell.xib in Resources */ = {isa = PBXBuildFile; fileRef = 6449366A2744E9D600E209FC /* StockStudyCollectionViewCell.xib */; };
		644936702745D85900E209FC /* FSCalendar in Frameworks */ = {isa = PBXBuildFile; productRef = 6449366F2745D85900E209FC /* FSCalendar */; };
		64493674274656C000E209FC /* UserStockStudy.swift in Sources */ = {isa = PBXBuildFile; fileRef = 64493673274656C000E209FC /* UserStockStudy.swift */; };
		6449368727465AE300E209FC /* UserTradingDaily.swift in Sources */ = {isa = PBXBuildFile; fileRef = 6449368627465AE300E209FC /* UserTradingDaily.swift */; };
		6449368927465AFB00E209FC /* UserStockSchedule.swift in Sources */ = {isa = PBXBuildFile; fileRef = 6449368827465AFB00E209FC /* UserStockSchedule.swift */; };
		6449369427465E0400E209FC /* Realm in Frameworks */ = {isa = PBXBuildFile; productRef = 6449369327465E0400E209FC /* Realm */; };
		6449369627465E0400E209FC /* RealmSwift in Frameworks */ = {isa = PBXBuildFile; productRef = 6449369527465E0400E209FC /* RealmSwift */; };
/* End PBXBuildFile section */

/* Begin PBXFileReference section */
		6449364427449C3D00E209FC /* DailyStock.app */ = {isa = PBXFileReference; explicitFileType = wrapper.application; includeInIndex = 0; path = DailyStock.app; sourceTree = BUILT_PRODUCTS_DIR; };
		6449364727449C3D00E209FC /* AppDelegate.swift */ = {isa = PBXFileReference; lastKnownFileType = sourcecode.swift; path = AppDelegate.swift; sourceTree = "<group>"; };
		6449364927449C3D00E209FC /* SceneDelegate.swift */ = {isa = PBXFileReference; lastKnownFileType = sourcecode.swift; path = SceneDelegate.swift; sourceTree = "<group>"; };
		6449364B27449C3D00E209FC /* ViewController.swift */ = {isa = PBXFileReference; lastKnownFileType = sourcecode.swift; path = ViewController.swift; sourceTree = "<group>"; };
		6449364E27449C3D00E209FC /* Base */ = {isa = PBXFileReference; lastKnownFileType = file.storyboard; name = Base; path = Base.lproj/Main.storyboard; sourceTree = "<group>"; };
		6449365027449C3F00E209FC /* Assets.xcassets */ = {isa = PBXFileReference; lastKnownFileType = folder.assetcatalog; path = Assets.xcassets; sourceTree = "<group>"; };
		6449365327449C3F00E209FC /* Base */ = {isa = PBXFileReference; lastKnownFileType = file.storyboard; name = Base; path = Base.lproj/LaunchScreen.storyboard; sourceTree = "<group>"; };
		6449365527449C3F00E209FC /* Info.plist */ = {isa = PBXFileReference; lastKnownFileType = text.plist.xml; path = Info.plist; sourceTree = "<group>"; };
		6449365E27449F2800E209FC /* TradingDaily.storyboard */ = {isa = PBXFileReference; lastKnownFileType = file.storyboard; path = TradingDaily.storyboard; sourceTree = "<group>"; };
		6449366027449F8F00E209FC /* StockStudy.storyboard */ = {isa = PBXFileReference; lastKnownFileType = file.storyboard; path = StockStudy.storyboard; sourceTree = "<group>"; };
		644936622744A0C300E209FC /* StockSchedule.storyboard */ = {isa = PBXFileReference; lastKnownFileType = file.storyboard; path = StockSchedule.storyboard; sourceTree = "<group>"; };
		644936642744DCFD00E209FC /* TradingDailyTableViewCell.swift */ = {isa = PBXFileReference; lastKnownFileType = sourcecode.swift; path = TradingDailyTableViewCell.swift; sourceTree = "<group>"; };
		644936652744DCFD00E209FC /* TradingDailyTableViewCell.xib */ = {isa = PBXFileReference; lastKnownFileType = file.xib; path = TradingDailyTableViewCell.xib; sourceTree = "<group>"; };
		644936692744E9D600E209FC /* StockStudyCollectionViewCell.swift */ = {isa = PBXFileReference; lastKnownFileType = sourcecode.swift; path = StockStudyCollectionViewCell.swift; sourceTree = "<group>"; };
		6449366A2744E9D600E209FC /* StockStudyCollectionViewCell.xib */ = {isa = PBXFileReference; lastKnownFileType = file.xib; path = StockStudyCollectionViewCell.xib; sourceTree = "<group>"; };
		64493673274656C000E209FC /* UserStockStudy.swift */ = {isa = PBXFileReference; lastKnownFileType = sourcecode.swift; path = UserStockStudy.swift; sourceTree = "<group>"; };
		6449368627465AE300E209FC /* UserTradingDaily.swift */ = {isa = PBXFileReference; lastKnownFileType = sourcecode.swift; path = UserTradingDaily.swift; sourceTree = "<group>"; };
		6449368827465AFB00E209FC /* UserStockSchedule.swift */ = {isa = PBXFileReference; lastKnownFileType = sourcecode.swift; path = UserStockSchedule.swift; sourceTree = "<group>"; };
/* End PBXFileReference section */

/* Begin PBXFrameworksBuildPhase section */
		6449364127449C3D00E209FC /* Frameworks */ = {
			isa = PBXFrameworksBuildPhase;
			buildActionMask = 2147483647;
			files = (
				6449369627465E0400E209FC /* RealmSwift in Frameworks */,
				6449369427465E0400E209FC /* Realm in Frameworks */,
				644936702745D85900E209FC /* FSCalendar in Frameworks */,
			);
			runOnlyForDeploymentPostprocessing = 0;
		};
/* End PBXFrameworksBuildPhase section */

/* Begin PBXGroup section */
		6449363B27449C3D00E209FC = {
			isa = PBXGroup;
			children = (
				6449364627449C3D00E209FC /* DailyStock */,
				6449364527449C3D00E209FC /* Products */,
			);
			sourceTree = "<group>";
		};
		6449364527449C3D00E209FC /* Products */ = {
			isa = PBXGroup;
			children = (
				6449364427449C3D00E209FC /* DailyStock.app */,
			);
			name = Products;
			sourceTree = "<group>";
		};
		6449364627449C3D00E209FC /* DailyStock */ = {
			isa = PBXGroup;
			children = (
				6449366D2744E9F800E209FC /* ViewCell */,
				6449365D27449D1E00E209FC /* Realm */,
				6449365C27449D0D00E209FC /* Storyboard */,
				6449365B27449D0100E209FC /* ViewController */,
				6449364727449C3D00E209FC /* AppDelegate.swift */,
				6449364927449C3D00E209FC /* SceneDelegate.swift */,
				6449364B27449C3D00E209FC /* ViewController.swift */,
				6449364D27449C3D00E209FC /* Main.storyboard */,
				6449365027449C3F00E209FC /* Assets.xcassets */,
				6449365227449C3F00E209FC /* LaunchScreen.storyboard */,
				6449365527449C3F00E209FC /* Info.plist */,
			);
			path = DailyStock;
			sourceTree = "<group>";
		};
		6449365B27449D0100E209FC /* ViewController */ = {
			isa = PBXGroup;
			children = (
			);
			path = ViewController;
			sourceTree = "<group>";
		};
		6449365C27449D0D00E209FC /* Storyboard */ = {
			isa = PBXGroup;
			children = (
				6449365E27449F2800E209FC /* TradingDaily.storyboard */,
				644936652744DCFD00E209FC /* TradingDailyTableViewCell.xib */,
				6449366027449F8F00E209FC /* StockStudy.storyboard */,
				644936622744A0C300E209FC /* StockSchedule.storyboard */,
				6449366A2744E9D600E209FC /* StockStudyCollectionViewCell.xib */,
			);
			path = Storyboard;
			sourceTree = "<group>";
		};
		6449365D27449D1E00E209FC /* Realm */ = {
			isa = PBXGroup;
			children = (
				6449368627465AE300E209FC /* UserTradingDaily.swift */,
				64493673274656C000E209FC /* UserStockStudy.swift */,
				6449368827465AFB00E209FC /* UserStockSchedule.swift */,
			);
			path = Realm;
			sourceTree = "<group>";
		};
		6449366D2744E9F800E209FC /* ViewCell */ = {
			isa = PBXGroup;
			children = (
				644936692744E9D600E209FC /* StockStudyCollectionViewCell.swift */,
				644936642744DCFD00E209FC /* TradingDailyTableViewCell.swift */,
			);
			path = ViewCell;
			sourceTree = "<group>";
		};
/* End PBXGroup section */

/* Begin PBXNativeTarget section */
		6449364327449C3D00E209FC /* DailyStock */ = {
			isa = PBXNativeTarget;
			buildConfigurationList = 6449365827449C3F00E209FC /* Build configuration list for PBXNativeTarget "DailyStock" */;
			buildPhases = (
				6449364027449C3D00E209FC /* Sources */,
				6449364127449C3D00E209FC /* Frameworks */,
				6449364227449C3D00E209FC /* Resources */,
			);
			buildRules = (
			);
			dependencies = (
			);
			name = DailyStock;
			packageProductDependencies = (
				6449366F2745D85900E209FC /* FSCalendar */,
				6449369327465E0400E209FC /* Realm */,
				6449369527465E0400E209FC /* RealmSwift */,
			);
			productName = DailyStock;
			productReference = 6449364427449C3D00E209FC /* DailyStock.app */;
			productType = "com.apple.product-type.application";
		};
/* End PBXNativeTarget section */

/* Begin PBXProject section */
		6449363C27449C3D00E209FC /* Project object */ = {
			isa = PBXProject;
			attributes = {
				BuildIndependentTargetsInParallel = 1;
				LastSwiftUpdateCheck = 1310;
				LastUpgradeCheck = 1310;
				TargetAttributes = {
					6449364327449C3D00E209FC = {
						CreatedOnToolsVersion = 13.1;
					};
				};
			};
			buildConfigurationList = 6449363F27449C3D00E209FC /* Build configuration list for PBXProject "DailyStock" */;
			compatibilityVersion = "Xcode 13.0";
			developmentRegion = en;
			hasScannedForEncodings = 0;
			knownRegions = (
				en,
				Base,
			);
			mainGroup = 6449363B27449C3D00E209FC;
			packageReferences = (
				6449366E2745D85900E209FC /* XCRemoteSwiftPackageReference "FSCalendar" */,
				6449369227465E0400E209FC /* XCRemoteSwiftPackageReference "realm-cocoa" */,
			);
			productRefGroup = 6449364527449C3D00E209FC /* Products */;
			projectDirPath = "";
			projectRoot = "";
			targets = (
				6449364327449C3D00E209FC /* DailyStock */,
			);
		};
/* End PBXProject section */

/* Begin PBXResourcesBuildPhase section */
		6449364227449C3D00E209FC /* Resources */ = {
			isa = PBXResourcesBuildPhase;
			buildActionMask = 2147483647;
			files = (
				6449366127449F8F00E209FC /* StockStudy.storyboard in Resources */,
				6449365427449C3F00E209FC /* LaunchScreen.storyboard in Resources */,
				6449366C2744E9D600E209FC /* StockStudyCollectionViewCell.xib in Resources */,
				644936632744A0C300E209FC /* StockSchedule.storyboard in Resources */,
				6449365127449C3F00E209FC /* Assets.xcassets in Resources */,
				6449365F27449F2800E209FC /* TradingDaily.storyboard in Resources */,
				6449364F27449C3D00E209FC /* Main.storyboard in Resources */,
				644936672744DCFD00E209FC /* TradingDailyTableViewCell.xib in Resources */,
			);
			runOnlyForDeploymentPostprocessing = 0;
		};
/* End PBXResourcesBuildPhase section */

/* Begin PBXSourcesBuildPhase section */
		6449364027449C3D00E209FC /* Sources */ = {
			isa = PBXSourcesBuildPhase;
			buildActionMask = 2147483647;
			files = (
				6449364C27449C3D00E209FC /* ViewController.swift in Sources */,
				644936662744DCFD00E209FC /* TradingDailyTableViewCell.swift in Sources */,
				6449368927465AFB00E209FC /* UserStockSchedule.swift in Sources */,
				6449366B2744E9D600E209FC /* StockStudyCollectionViewCell.swift in Sources */,
				64493674274656C000E209FC /* UserStockStudy.swift in Sources */,
				6449368727465AE300E209FC /* UserTradingDaily.swift in Sources */,
				6449364827449C3D00E209FC /* AppDelegate.swift in Sources */,
				6449364A27449C3D00E209FC /* SceneDelegate.swift in Sources */,
			);
			runOnlyForDeploymentPostprocessing = 0;
		};
/* End PBXSourcesBuildPhase section */

/* Begin PBXVariantGroup section */
		6449364D27449C3D00E209FC /* Main.storyboard */ = {
			isa = PBXVariantGroup;
			children = (
				6449364E27449C3D00E209FC /* Base */,
			);
			name = Main.storyboard;
			sourceTree = "<group>";
		};
		6449365227449C3F00E209FC /* LaunchScreen.storyboard */ = {
			isa = PBXVariantGroup;
			children = (
				6449365327449C3F00E209FC /* Base */,
			);
			name = LaunchScreen.storyboard;
			sourceTree = "<group>";
		};
/* End PBXVariantGroup section */

/* Begin XCBuildConfiguration section */
		6449365627449C3F00E209FC /* Debug */ = {
			isa = XCBuildConfiguration;
			buildSettings = {
				ALWAYS_SEARCH_USER_PATHS = NO;
				CLANG_ANALYZER_NONNULL = YES;
				CLANG_ANALYZER_NUMBER_OBJECT_CONVERSION = YES_AGGRESSIVE;
				CLANG_CXX_LANGUAGE_STANDARD = "gnu++17";
				CLANG_CXX_LIBRARY = "libc++";
				CLANG_ENABLE_MODULES = YES;
				CLANG_ENABLE_OBJC_ARC = YES;
				CLANG_ENABLE_OBJC_WEAK = YES;
				CLANG_WARN_BLOCK_CAPTURE_AUTORELEASING = YES;
				CLANG_WARN_BOOL_CONVERSION = YES;
				CLANG_WARN_COMMA = YES;
				CLANG_WARN_CONSTANT_CONVERSION = YES;
				CLANG_WARN_DEPRECATED_OBJC_IMPLEMENTATIONS = YES;
				CLANG_WARN_DIRECT_OBJC_ISA_USAGE = YES_ERROR;
				CLANG_WARN_DOCUMENTATION_COMMENTS = YES;
				CLANG_WARN_EMPTY_BODY = YES;
				CLANG_WARN_ENUM_CONVERSION = YES;
				CLANG_WARN_INFINITE_RECURSION = YES;
				CLANG_WARN_INT_CONVERSION = YES;
				CLANG_WARN_NON_LITERAL_NULL_CONVERSION = YES;
				CLANG_WARN_OBJC_IMPLICIT_RETAIN_SELF = YES;
				CLANG_WARN_OBJC_LITERAL_CONVERSION = YES;
				CLANG_WARN_OBJC_ROOT_CLASS = YES_ERROR;
				CLANG_WARN_QUOTED_INCLUDE_IN_FRAMEWORK_HEADER = YES;
				CLANG_WARN_RANGE_LOOP_ANALYSIS = YES;
				CLANG_WARN_STRICT_PROTOTYPES = YES;
				CLANG_WARN_SUSPICIOUS_MOVE = YES;
				CLANG_WARN_UNGUARDED_AVAILABILITY = YES_AGGRESSIVE;
				CLANG_WARN_UNREACHABLE_CODE = YES;
				CLANG_WARN__DUPLICATE_METHOD_MATCH = YES;
				COPY_PHASE_STRIP = NO;
				DEBUG_INFORMATION_FORMAT = dwarf;
				ENABLE_STRICT_OBJC_MSGSEND = YES;
				ENABLE_TESTABILITY = YES;
				GCC_C_LANGUAGE_STANDARD = gnu11;
				GCC_DYNAMIC_NO_PIC = NO;
				GCC_NO_COMMON_BLOCKS = YES;
				GCC_OPTIMIZATION_LEVEL = 0;
				GCC_PREPROCESSOR_DEFINITIONS = (
					"DEBUG=1",
					"$(inherited)",
				);
				GCC_WARN_64_TO_32_BIT_CONVERSION = YES;
				GCC_WARN_ABOUT_RETURN_TYPE = YES_ERROR;
				GCC_WARN_UNDECLARED_SELECTOR = YES;
				GCC_WARN_UNINITIALIZED_AUTOS = YES_AGGRESSIVE;
				GCC_WARN_UNUSED_FUNCTION = YES;
				GCC_WARN_UNUSED_VARIABLE = YES;
				IPHONEOS_DEPLOYMENT_TARGET = 15.0;
				MTL_ENABLE_DEBUG_INFO = INCLUDE_SOURCE;
				MTL_FAST_MATH = YES;
				ONLY_ACTIVE_ARCH = YES;
				SDKROOT = iphoneos;
				SWIFT_ACTIVE_COMPILATION_CONDITIONS = DEBUG;
				SWIFT_OPTIMIZATION_LEVEL = "-Onone";
			};
			name = Debug;
		};
		6449365727449C3F00E209FC /* Release */ = {
			isa = XCBuildConfiguration;
			buildSettings = {
				ALWAYS_SEARCH_USER_PATHS = NO;
				CLANG_ANALYZER_NONNULL = YES;
				CLANG_ANALYZER_NUMBER_OBJECT_CONVERSION = YES_AGGRESSIVE;
				CLANG_CXX_LANGUAGE_STANDARD = "gnu++17";
				CLANG_CXX_LIBRARY = "libc++";
				CLANG_ENABLE_MODULES = YES;
				CLANG_ENABLE_OBJC_ARC = YES;
				CLANG_ENABLE_OBJC_WEAK = YES;
				CLANG_WARN_BLOCK_CAPTURE_AUTORELEASING = YES;
				CLANG_WARN_BOOL_CONVERSION = YES;
				CLANG_WARN_COMMA = YES;
				CLANG_WARN_CONSTANT_CONVERSION = YES;
				CLANG_WARN_DEPRECATED_OBJC_IMPLEMENTATIONS = YES;
				CLANG_WARN_DIRECT_OBJC_ISA_USAGE = YES_ERROR;
				CLANG_WARN_DOCUMENTATION_COMMENTS = YES;
				CLANG_WARN_EMPTY_BODY = YES;
				CLANG_WARN_ENUM_CONVERSION = YES;
				CLANG_WARN_INFINITE_RECURSION = YES;
				CLANG_WARN_INT_CONVERSION = YES;
				CLANG_WARN_NON_LITERAL_NULL_CONVERSION = YES;
				CLANG_WARN_OBJC_IMPLICIT_RETAIN_SELF = YES;
				CLANG_WARN_OBJC_LITERAL_CONVERSION = YES;
				CLANG_WARN_OBJC_ROOT_CLASS = YES_ERROR;
				CLANG_WARN_QUOTED_INCLUDE_IN_FRAMEWORK_HEADER = YES;
				CLANG_WARN_RANGE_LOOP_ANALYSIS = YES;
				CLANG_WARN_STRICT_PROTOTYPES = YES;
				CLANG_WARN_SUSPICIOUS_MOVE = YES;
				CLANG_WARN_UNGUARDED_AVAILABILITY = YES_AGGRESSIVE;
				CLANG_WARN_UNREACHABLE_CODE = YES;
				CLANG_WARN__DUPLICATE_METHOD_MATCH = YES;
				COPY_PHASE_STRIP = NO;
				DEBUG_INFORMATION_FORMAT = "dwarf-with-dsym";
				ENABLE_NS_ASSERTIONS = NO;
				ENABLE_STRICT_OBJC_MSGSEND = YES;
				GCC_C_LANGUAGE_STANDARD = gnu11;
				GCC_NO_COMMON_BLOCKS = YES;
				GCC_WARN_64_TO_32_BIT_CONVERSION = YES;
				GCC_WARN_ABOUT_RETURN_TYPE = YES_ERROR;
				GCC_WARN_UNDECLARED_SELECTOR = YES;
				GCC_WARN_UNINITIALIZED_AUTOS = YES_AGGRESSIVE;
				GCC_WARN_UNUSED_FUNCTION = YES;
				GCC_WARN_UNUSED_VARIABLE = YES;
				IPHONEOS_DEPLOYMENT_TARGET = 15.0;
				MTL_ENABLE_DEBUG_INFO = NO;
				MTL_FAST_MATH = YES;
				SDKROOT = iphoneos;
				SWIFT_COMPILATION_MODE = wholemodule;
				SWIFT_OPTIMIZATION_LEVEL = "-O";
				VALIDATE_PRODUCT = YES;
			};
			name = Release;
		};
		6449365927449C3F00E209FC /* Debug */ = {
			isa = XCBuildConfiguration;
			buildSettings = {
				ASSETCATALOG_COMPILER_APPICON_NAME = AppIcon;
				ASSETCATALOG_COMPILER_GLOBAL_ACCENT_COLOR_NAME = AccentColor;
				CODE_SIGN_STYLE = Automatic;
				CURRENT_PROJECT_VERSION = 1;
				GENERATE_INFOPLIST_FILE = YES;
				INFOPLIST_FILE = DailyStock/Info.plist;
				INFOPLIST_KEY_UIApplicationSupportsIndirectInputEvents = YES;
				INFOPLIST_KEY_UILaunchStoryboardName = LaunchScreen;
				INFOPLIST_KEY_UIMainStoryboardFile = Main;
				INFOPLIST_KEY_UISupportedInterfaceOrientations_iPad = "UIInterfaceOrientationPortrait UIInterfaceOrientationPortraitUpsideDown UIInterfaceOrientationLandscapeLeft UIInterfaceOrientationLandscapeRight";
				INFOPLIST_KEY_UISupportedInterfaceOrientations_iPhone = "UIInterfaceOrientationPortrait UIInterfaceOrientationLandscapeLeft UIInterfaceOrientationLandscapeRight";
				LD_RUNPATH_SEARCH_PATHS = (
					"$(inherited)",
					"@executable_path/Frameworks",
				);
				MARKETING_VERSION = 1.0;
				PRODUCT_BUNDLE_IDENTIFIER = com.jmkim.DailyStock;
				PRODUCT_NAME = "$(TARGET_NAME)";
				SWIFT_EMIT_LOC_STRINGS = YES;
				SWIFT_VERSION = 5.0;
				TARGETED_DEVICE_FAMILY = "1,2";
			};
			name = Debug;
		};
		6449365A27449C3F00E209FC /* Release */ = {
			isa = XCBuildConfiguration;
			buildSettings = {
				ASSETCATALOG_COMPILER_APPICON_NAME = AppIcon;
				ASSETCATALOG_COMPILER_GLOBAL_ACCENT_COLOR_NAME = AccentColor;
				CODE_SIGN_STYLE = Automatic;
				CURRENT_PROJECT_VERSION = 1;
				GENERATE_INFOPLIST_FILE = YES;
				INFOPLIST_FILE = DailyStock/Info.plist;
				INFOPLIST_KEY_UIApplicationSupportsIndirectInputEvents = YES;
				INFOPLIST_KEY_UILaunchStoryboardName = LaunchScreen;
				INFOPLIST_KEY_UIMainStoryboardFile = Main;
				INFOPLIST_KEY_UISupportedInterfaceOrientations_iPad = "UIInterfaceOrientationPortrait UIInterfaceOrientationPortraitUpsideDown UIInterfaceOrientationLandscapeLeft UIInterfaceOrientationLandscapeRight";
				INFOPLIST_KEY_UISupportedInterfaceOrientations_iPhone = "UIInterfaceOrientationPortrait UIInterfaceOrientationLandscapeLeft UIInterfaceOrientationLandscapeRight";
				LD_RUNPATH_SEARCH_PATHS = (
					"$(inherited)",
					"@executable_path/Frameworks",
				);
				MARKETING_VERSION = 1.0;
				PRODUCT_BUNDLE_IDENTIFIER = com.jmkim.DailyStock;
				PRODUCT_NAME = "$(TARGET_NAME)";
				SWIFT_EMIT_LOC_STRINGS = YES;
				SWIFT_VERSION = 5.0;
				TARGETED_DEVICE_FAMILY = "1,2";
			};
			name = Release;
		};
/* End XCBuildConfiguration section */

/* Begin XCConfigurationList section */
		6449363F27449C3D00E209FC /* Build configuration list for PBXProject "DailyStock" */ = {
			isa = XCConfigurationList;
			buildConfigurations = (
				6449365627449C3F00E209FC /* Debug */,
				6449365727449C3F00E209FC /* Release */,
			);
			defaultConfigurationIsVisible = 0;
			defaultConfigurationName = Release;
		};
		6449365827449C3F00E209FC /* Build configuration list for PBXNativeTarget "DailyStock" */ = {
			isa = XCConfigurationList;
			buildConfigurations = (
				6449365927449C3F00E209FC /* Debug */,
				6449365A27449C3F00E209FC /* Release */,
			);
			defaultConfigurationIsVisible = 0;
			defaultConfigurationName = Release;
		};
/* End XCConfigurationList section */

/* Begin XCRemoteSwiftPackageReference section */
		6449366E2745D85900E209FC /* XCRemoteSwiftPackageReference "FSCalendar" */ = {
			isa = XCRemoteSwiftPackageReference;
			repositoryURL = "https://github.com/WenchaoD/FSCalendar.git";
			requirement = {
				kind = upToNextMajorVersion;
				minimumVersion = 2.0.0;
			};
		};
		6449369227465E0400E209FC /* XCRemoteSwiftPackageReference "realm-cocoa" */ = {
			isa = XCRemoteSwiftPackageReference;
			repositoryURL = "https://github.com/realm/realm-cocoa.git";
			requirement = {
				branch = master;
				kind = branch;
			};
		};
/* End XCRemoteSwiftPackageReference section */

/* Begin XCSwiftPackageProductDependency section */
		6449366F2745D85900E209FC /* FSCalendar */ = {
			isa = XCSwiftPackageProductDependency;
			package = 6449366E2745D85900E209FC /* XCRemoteSwiftPackageReference "FSCalendar" */;
			productName = FSCalendar;
		};
		6449369327465E0400E209FC /* Realm */ = {
			isa = XCSwiftPackageProductDependency;
			package = 6449369227465E0400E209FC /* XCRemoteSwiftPackageReference "realm-cocoa" */;
			productName = Realm;
		};
		6449369527465E0400E209FC /* RealmSwift */ = {
			isa = XCSwiftPackageProductDependency;
			package = 6449369227465E0400E209FC /* XCRemoteSwiftPackageReference "realm-cocoa" */;
			productName = RealmSwift;
		};
/* End XCSwiftPackageProductDependency section */
	};
	rootObject = 6449363C27449C3D00E209FC /* Project object */;
}
