{
  "object": {
    "pins": [
      {
        "package": "Alamofire",
        "repositoryURL": "https://github.com/Alamofire/Alamofire",
        "state": {
          "branch": null,
          "revision": "d120af1e8638c7da36c8481fd61a66c0c08dc4fc",
          "version": "5.4.4"
        }
      },
      {
        "package": "DropDown",
        "repositoryURL": "https://github.com/AssistoLab/DropDown.git",
        "state": {
          "branch": "master",
          "revision": "2ab6f6ce19f0117d1a76ea043ef8f57722c65d16",
          "version": null
        }
      },
      {
        "package": "FSCalendar",
        "repositoryURL": "https://github.com/WenchaoD/FSCalendar.git",
        "state": {
          "branch": null,
          "revision": "4e79a201fad268408a4fd9e2ef429497def9594f",
          "version": "2.8.2"
        }
      },
      {
        "package": "IQKeyboardManagerSwift",
        "repositoryURL": "https://github.com/hackiftekhar/IQKeyboardManager.git",
        "state": {
          "branch": null,
          "revision": "474f849accae40fe61b5302d9b057dd48ee073ba",
          "version": "6.5.9"
        }
      },
      {
        "package": "Realm",
        "repositoryURL": "https://github.com/realm/realm-cocoa.git",
        "state": {
          "branch": "master",
          "revision": "f630b28cc3d056f784d568569e671e32b9eacb6c",
          "version": null
        }
      },
      {
        "package": "RealmDatabase",
        "repositoryURL": "https://github.com/realm/realm-core",
        "state": {
          "branch": null,
          "revision": "c3c11a841642ac93c27bd1edd61f989fc0bfb809",
          "version": "11.6.1"
        }
      }
    ]
  },
  "version": 1
}
